PODS:
  - SDWebImage (5.14.2):
    - SDWebImage/Core (= 5.14.2)
  - SDWebImage/Core (5.14.2)
  - SwiftLint (0.49.1)
  - Toast-Swift (5.0.1)

DEPENDENCIES:
  - SDWebImage (~> 5.0)
  - SwiftLint (~> 0.27)
  - Toast-Swift (~> 5.0.1)

SPEC REPOS:
  trunk:
    - SDWebImage
    - SwiftLint
    - Toast-Swift

SPEC CHECKSUMS:
  SDWebImage: b9a731e1d6307f44ca703b3976d18c24ca561e84
  SwiftLint: 32ee33ded0636d0905ef6911b2b67bbaeeedafa5
  Toast-Swift: 9b6a70f28b3bf0b96c40d46c0c4b9d6639846711

PODFILE CHECKSUM: 0b06470492a07585aa751a0960536289e2d9576f

COCOAPODS: 1.11.2
